
Microsoft Visual Studio Solution File, Format Version 12.00
# Visual Studio Version 16
VisualStudioVersion = 16.0.29306.81
MinimumVisualStudioVersion = 10.0.40219.1
Project("{9A19103F-16F7-4668-BE54-9A1E7A4F7556}") = "MyLeasing.Common", "MyLeasing.Command\MyLeasing.Common.csproj", "{054BD31F-B762-48BF-AA05-3F507A9A08FE}"
EndProject
Project("{9A19103F-16F7-4668-BE54-9A1E7A4F7556}") = "MyLeasing.Web", "MyLeasing.Web\MyLeasing.Web.csproj", "{556344C8-CAC5-4BBF-9480-95F9F549160E}"
EndProject
Project("{FAE04EC0-301F-11D3-BF4B-00C04F79EFBC}") = "MyLeasing.Prism", "MyLeasing.Prism\MyLeasing.Prism\MyLeasing.Prism.csproj", "{88A68F4B-5441-4B8A-B925-C0F85990D5AF}"
EndProject
Project("{FAE04EC0-301F-11D3-BF4B-00C04F79EFBC}") = "MyLeasing.Prism.Android", "MyLeasing.Prism\MyLeasing.Prism.Android\MyLeasing.Prism.Android.csproj", "{63DF1DC7-16FC-4E2D-9B75-717FD379813E}"
EndProject
Project("{FAE04EC0-301F-11D3-BF4B-00C04F79EFBC}") = "MyLeasing.Prism.iOS", "MyLeasing.Prism\MyLeasing.Prism.iOS\MyLeasing.Prism.iOS.csproj", "{FD9C3AE8-C3B7-4D9A-BB21-414602BCDECC}"
EndProject
Project("{FAE04EC0-301F-11D3-BF4B-00C04F79EFBC}") = "MyLeasing.Prism.UWP", "MyLeasing.Prism\MyLeasing.Prism.UWP\MyLeasing.Prism.UWP.csproj", "{F961E6C5-9CFD-4715-A882-7949F8B28191}"
EndProject
Global
	GlobalSection(SolutionConfigurationPlatforms) = preSolution
		Ad-Hoc|Any CPU = Ad-Hoc|Any CPU
		Ad-Hoc|ARM = Ad-Hoc|ARM
		Ad-Hoc|iPhone = Ad-Hoc|iPhone
		Ad-Hoc|iPhoneSimulator = Ad-Hoc|iPhoneSimulator
		Ad-Hoc|x64 = Ad-Hoc|x64
		Ad-Hoc|x86 = Ad-Hoc|x86
		AppStore|Any CPU = AppStore|Any CPU
		AppStore|ARM = AppStore|ARM
		AppStore|iPhone = AppStore|iPhone
		AppStore|iPhoneSimulator = AppStore|iPhoneSimulator
		AppStore|x64 = AppStore|x64
		AppStore|x86 = AppStore|x86
		Debug|Any CPU = Debug|Any CPU
		Debug|ARM = Debug|ARM
		Debug|iPhone = Debug|iPhone
		Debug|iPhoneSimulator = Debug|iPhoneSimulator
		Debug|x64 = Debug|x64
		Debug|x86 = Debug|x86
		Release|Any CPU = Release|Any CPU
		Release|ARM = Release|ARM
		Release|iPhone = Release|iPhone
		Release|iPhoneSimulator = Release|iPhoneSimulator
		Release|x64 = Release|x64
		Release|x86 = Release|x86
	EndGlobalSection
	GlobalSection(ProjectConfigurationPlatforms) = postSolution
		{054BD31F-B762-48BF-AA05-3F507A9A08FE}.Ad-Hoc|Any CPU.ActiveCfg = Release|Any CPU
		{054BD31F-B762-48BF-AA05-3F507A9A08FE}.Ad-Hoc|Any CPU.Build.0 = Release|Any CPU
		{054BD31F-B762-48BF-AA05-3F507A9A08FE}.Ad-Hoc|ARM.ActiveCfg = Release|Any CPU
		{054BD31F-B762-48BF-AA05-3F507A9A08FE}.Ad-Hoc|ARM.Build.0 = Release|Any CPU
		{054BD31F-B762-48BF-AA05-3F507A9A08FE}.Ad-Hoc|iPhone.ActiveCfg = Release|Any CPU
		{054BD31F-B762-48BF-AA05-3F507A9A08FE}.Ad-Hoc|iPhone.Build.0 = Release|Any CPU
		{054BD31F-B762-48BF-AA05-3F507A9A08FE}.Ad-Hoc|iPhoneSimulator.ActiveCfg = Release|Any CPU
		{054BD31F-B762-48BF-AA05-3F507A9A08FE}.Ad-Hoc|iPhoneSimulator.Build.0 = Release|Any CPU
		{054BD31F-B762-48BF-AA05-3F507A9A08FE}.Ad-Hoc|x64.ActiveCfg = Release|Any CPU
		{054BD31F-B762-48BF-AA05-3F507A9A08FE}.Ad-Hoc|x64.Build.0 = Release|Any CPU
		{054BD31F-B762-48BF-AA05-3F507A9A08FE}.Ad-Hoc|x86.ActiveCfg = Release|Any CPU
		{054BD31F-B762-48BF-AA05-3F507A9A08FE}.Ad-Hoc|x86.Build.0 = Release|Any CPU
		{054BD31F-B762-48BF-AA05-3F507A9A08FE}.AppStore|Any CPU.ActiveCfg = Release|Any CPU
		{054BD31F-B762-48BF-AA05-3F507A9A08FE}.AppStore|Any CPU.Build.0 = Release|Any CPU
		{054BD31F-B762-48BF-AA05-3F507A9A08FE}.AppStore|ARM.ActiveCfg = Release|Any CPU
		{054BD31F-B762-48BF-AA05-3F507A9A08FE}.AppStore|ARM.Build.0 = Release|Any CPU
		{054BD31F-B762-48BF-AA05-3F507A9A08FE}.AppStore|iPhone.ActiveCfg = Release|Any CPU
		{054BD31F-B762-48BF-AA05-3F507A9A08FE}.AppStore|iPhone.Build.0 = Release|Any CPU
		{054BD31F-B762-48BF-AA05-3F507A9A08FE}.AppStore|iPhoneSimulator.ActiveCfg = Release|Any CPU
		{054BD31F-B762-48BF-AA05-3F507A9A08FE}.AppStore|iPhoneSimulator.Build.0 = Release|Any CPU
		{054BD31F-B762-48BF-AA05-3F507A9A08FE}.AppStore|x64.ActiveCfg = Release|Any CPU
		{054BD31F-B762-48BF-AA05-3F507A9A08FE}.AppStore|x64.Build.0 = Release|Any CPU
		{054BD31F-B762-48BF-AA05-3F507A9A08FE}.AppStore|x86.ActiveCfg = Release|Any CPU
		{054BD31F-B762-48BF-AA05-3F507A9A08FE}.AppStore|x86.Build.0 = Release|Any CPU
		{054BD31F-B762-48BF-AA05-3F507A9A08FE}.Debug|Any CPU.ActiveCfg = Debug|Any CPU
		{054BD31F-B762-48BF-AA05-3F507A9A08FE}.Debug|Any CPU.Build.0 = Debug|Any CPU
		{054BD31F-B762-48BF-AA05-3F507A9A08FE}.Debug|ARM.ActiveCfg = Debug|Any CPU
		{054BD31F-B762-48BF-AA05-3F507A9A08FE}.Debug|ARM.Build.0 = Debug|Any CPU
		{054BD31F-B762-48BF-AA05-3F507A9A08FE}.Debug|iPhone.ActiveCfg = Debug|Any CPU
		{054BD31F-B762-48BF-AA05-3F507A9A08FE}.Debug|iPhone.Build.0 = Debug|Any CPU
		{054BD31F-B762-48BF-AA05-3F507A9A08FE}.Debug|iPhoneSimulator.ActiveCfg = Debug|Any CPU
		{054BD31F-B762-48BF-AA05-3F507A9A08FE}.Debug|iPhoneSimulator.Build.0 = Debug|Any CPU
		{054BD31F-B762-48BF-AA05-3F507A9A08FE}.Debug|x64.ActiveCfg = Debug|Any CPU
		{054BD31F-B762-48BF-AA05-3F507A9A08FE}.Debug|x64.Build.0 = Debug|Any CPU
		{054BD31F-B762-48BF-AA05-3F507A9A08FE}.Debug|x86.ActiveCfg = Debug|Any CPU
		{054BD31F-B762-48BF-AA05-3F507A9A08FE}.Debug|x86.Build.0 = Debug|Any CPU
		{054BD31F-B762-48BF-AA05-3F507A9A08FE}.Release|Any CPU.ActiveCfg = Release|Any CPU
		{054BD31F-B762-48BF-AA05-3F507A9A08FE}.Release|Any CPU.Build.0 = Release|Any CPU
		{054BD31F-B762-48BF-AA05-3F507A9A08FE}.Release|ARM.ActiveCfg = Release|Any CPU
		{054BD31F-B762-48BF-AA05-3F507A9A08FE}.Release|ARM.Build.0 = Release|Any CPU
		{054BD31F-B762-48BF-AA05-3F507A9A08FE}.Release|iPhone.ActiveCfg = Release|Any CPU
		{054BD31F-B762-48BF-AA05-3F507A9A08FE}.Release|iPhone.Build.0 = Release|Any CPU
		{054BD31F-B762-48BF-AA05-3F507A9A08FE}.Release|iPhoneSimulator.ActiveCfg = Release|Any CPU
		{054BD31F-B762-48BF-AA05-3F507A9A08FE}.Release|iPhoneSimulator.Build.0 = Release|Any CPU
		{054BD31F-B762-48BF-AA05-3F507A9A08FE}.Release|x64.ActiveCfg = Release|Any CPU
		{054BD31F-B762-48BF-AA05-3F507A9A08FE}.Release|x64.Build.0 = Release|Any CPU
		{054BD31F-B762-48BF-AA05-3F507A9A08FE}.Release|x86.ActiveCfg = Release|Any CPU
		{054BD31F-B762-48BF-AA05-3F507A9A08FE}.Release|x86.Build.0 = Release|Any CPU
		{556344C8-CAC5-4BBF-9480-95F9F549160E}.Ad-Hoc|Any CPU.ActiveCfg = Release|Any CPU
		{556344C8-CAC5-4BBF-9480-95F9F549160E}.Ad-Hoc|Any CPU.Build.0 = Release|Any CPU
		{556344C8-CAC5-4BBF-9480-95F9F549160E}.Ad-Hoc|ARM.ActiveCfg = Release|Any CPU
		{556344C8-CAC5-4BBF-9480-95F9F549160E}.Ad-Hoc|ARM.Build.0 = Release|Any CPU
		{556344C8-CAC5-4BBF-9480-95F9F549160E}.Ad-Hoc|iPhone.ActiveCfg = Release|Any CPU
		{556344C8-CAC5-4BBF-9480-95F9F549160E}.Ad-Hoc|iPhone.Build.0 = Release|Any CPU
		{556344C8-CAC5-4BBF-9480-95F9F549160E}.Ad-Hoc|iPhoneSimulator.ActiveCfg = Release|Any CPU
		{556344C8-CAC5-4BBF-9480-95F9F549160E}.Ad-Hoc|iPhoneSimulator.Build.0 = Release|Any CPU
		{556344C8-CAC5-4BBF-9480-95F9F549160E}.Ad-Hoc|x64.ActiveCfg = Release|Any CPU
		{556344C8-CAC5-4BBF-9480-95F9F549160E}.Ad-Hoc|x64.Build.0 = Release|Any CPU
		{556344C8-CAC5-4BBF-9480-95F9F549160E}.Ad-Hoc|x86.ActiveCfg = Release|Any CPU
		{556344C8-CAC5-4BBF-9480-95F9F549160E}.Ad-Hoc|x86.Build.0 = Release|Any CPU
		{556344C8-CAC5-4BBF-9480-95F9F549160E}.AppStore|Any CPU.ActiveCfg = Release|Any CPU
		{556344C8-CAC5-4BBF-9480-95F9F549160E}.AppStore|Any CPU.Build.0 = Release|Any CPU
		{556344C8-CAC5-4BBF-9480-95F9F549160E}.AppStore|ARM.ActiveCfg = Release|Any CPU
		{556344C8-CAC5-4BBF-9480-95F9F549160E}.AppStore|ARM.Build.0 = Release|Any CPU
		{556344C8-CAC5-4BBF-9480-95F9F549160E}.AppStore|iPhone.ActiveCfg = Release|Any CPU
		{556344C8-CAC5-4BBF-9480-95F9F549160E}.AppStore|iPhone.Build.0 = Release|Any CPU
		{556344C8-CAC5-4BBF-9480-95F9F549160E}.AppStore|iPhoneSimulator.ActiveCfg = Release|Any CPU
		{556344C8-CAC5-4BBF-9480-95F9F549160E}.AppStore|iPhoneSimulator.Build.0 = Release|Any CPU
		{556344C8-CAC5-4BBF-9480-95F9F549160E}.AppStore|x64.ActiveCfg = Release|Any CPU
		{556344C8-CAC5-4BBF-9480-95F9F549160E}.AppStore|x64.Build.0 = Release|Any CPU
		{556344C8-CAC5-4BBF-9480-95F9F549160E}.AppStore|x86.ActiveCfg = Release|Any CPU
		{556344C8-CAC5-4BBF-9480-95F9F549160E}.AppStore|x86.Build.0 = Release|Any CPU
		{556344C8-CAC5-4BBF-9480-95F9F549160E}.Debug|Any CPU.ActiveCfg = Debug|Any CPU
		{556344C8-CAC5-4BBF-9480-95F9F549160E}.Debug|Any CPU.Build.0 = Debug|Any CPU
		{556344C8-CAC5-4BBF-9480-95F9F549160E}.Debug|ARM.ActiveCfg = Debug|Any CPU
		{556344C8-CAC5-4BBF-9480-95F9F549160E}.Debug|ARM.Build.0 = Debug|Any CPU
		{556344C8-CAC5-4BBF-9480-95F9F549160E}.Debug|iPhone.ActiveCfg = Debug|Any CPU
		{556344C8-CAC5-4BBF-9480-95F9F549160E}.Debug|iPhone.Build.0 = Debug|Any CPU
		{556344C8-CAC5-4BBF-9480-95F9F549160E}.Debug|iPhoneSimulator.ActiveCfg = Debug|Any CPU
		{556344C8-CAC5-4BBF-9480-95F9F549160E}.Debug|iPhoneSimulator.Build.0 = Debug|Any CPU
		{556344C8-CAC5-4BBF-9480-95F9F549160E}.Debug|x64.ActiveCfg = Debug|Any CPU
		{556344C8-CAC5-4BBF-9480-95F9F549160E}.Debug|x64.Build.0 = Debug|Any CPU
		{556344C8-CAC5-4BBF-9480-95F9F549160E}.Debug|x86.ActiveCfg = Debug|Any CPU
		{556344C8-CAC5-4BBF-9480-95F9F549160E}.Debug|x86.Build.0 = Debug|Any CPU
		{556344C8-CAC5-4BBF-9480-95F9F549160E}.Release|Any CPU.ActiveCfg = Release|Any CPU
		{556344C8-CAC5-4BBF-9480-95F9F549160E}.Release|Any CPU.Build.0 = Release|Any CPU
		{556344C8-CAC5-4BBF-9480-95F9F549160E}.Release|ARM.ActiveCfg = Release|Any CPU
		{556344C8-CAC5-4BBF-9480-95F9F549160E}.Release|ARM.Build.0 = Release|Any CPU
		{556344C8-CAC5-4BBF-9480-95F9F549160E}.Release|iPhone.ActiveCfg = Release|Any CPU
		{556344C8-CAC5-4BBF-9480-95F9F549160E}.Release|iPhone.Build.0 = Release|Any CPU
		{556344C8-CAC5-4BBF-9480-95F9F549160E}.Release|iPhoneSimulator.ActiveCfg = Release|Any CPU
		{556344C8-CAC5-4BBF-9480-95F9F549160E}.Release|iPhoneSimulator.Build.0 = Release|Any CPU
		{556344C8-CAC5-4BBF-9480-95F9F549160E}.Release|x64.ActiveCfg = Release|Any CPU
		{556344C8-CAC5-4BBF-9480-95F9F549160E}.Release|x64.Build.0 = Release|Any CPU
		{556344C8-CAC5-4BBF-9480-95F9F549160E}.Release|x86.ActiveCfg = Release|Any CPU
		{556344C8-CAC5-4BBF-9480-95F9F549160E}.Release|x86.Build.0 = Release|Any CPU
		{88A68F4B-5441-4B8A-B925-C0F85990D5AF}.Ad-Hoc|Any CPU.ActiveCfg = Debug|Any CPU
		{88A68F4B-5441-4B8A-B925-C0F85990D5AF}.Ad-Hoc|Any CPU.Build.0 = Debug|Any CPU
		{88A68F4B-5441-4B8A-B925-C0F85990D5AF}.Ad-Hoc|ARM.ActiveCfg = Debug|Any CPU
		{88A68F4B-5441-4B8A-B925-C0F85990D5AF}.Ad-Hoc|ARM.Build.0 = Debug|Any CPU
		{88A68F4B-5441-4B8A-B925-C0F85990D5AF}.Ad-Hoc|iPhone.ActiveCfg = Debug|Any CPU
		{88A68F4B-5441-4B8A-B925-C0F85990D5AF}.Ad-Hoc|iPhone.Build.0 = Debug|Any CPU
		{88A68F4B-5441-4B8A-B925-C0F85990D5AF}.Ad-Hoc|iPhoneSimulator.ActiveCfg = Debug|Any CPU
		{88A68F4B-5441-4B8A-B925-C0F85990D5AF}.Ad-Hoc|iPhoneSimulator.Build.0 = Debug|Any CPU
		{88A68F4B-5441-4B8A-B925-C0F85990D5AF}.Ad-Hoc|x64.ActiveCfg = Debug|Any CPU
		{88A68F4B-5441-4B8A-B925-C0F85990D5AF}.Ad-Hoc|x64.Build.0 = Debug|Any CPU
		{88A68F4B-5441-4B8A-B925-C0F85990D5AF}.Ad-Hoc|x86.ActiveCfg = Debug|Any CPU
		{88A68F4B-5441-4B8A-B925-C0F85990D5AF}.Ad-Hoc|x86.Build.0 = Debug|Any CPU
		{88A68F4B-5441-4B8A-B925-C0F85990D5AF}.AppStore|Any CPU.ActiveCfg = Debug|Any CPU
		{88A68F4B-5441-4B8A-B925-C0F85990D5AF}.AppStore|Any CPU.Build.0 = Debug|Any CPU
		{88A68F4B-5441-4B8A-B925-C0F85990D5AF}.AppStore|ARM.ActiveCfg = Debug|Any CPU
		{88A68F4B-5441-4B8A-B925-C0F85990D5AF}.AppStore|ARM.Build.0 = Debug|Any CPU
		{88A68F4B-5441-4B8A-B925-C0F85990D5AF}.AppStore|iPhone.ActiveCfg = Debug|Any CPU
		{88A68F4B-5441-4B8A-B925-C0F85990D5AF}.AppStore|iPhone.Build.0 = Debug|Any CPU
		{88A68F4B-5441-4B8A-B925-C0F85990D5AF}.AppStore|iPhoneSimulator.ActiveCfg = Debug|Any CPU
		{88A68F4B-5441-4B8A-B925-C0F85990D5AF}.AppStore|iPhoneSimulator.Build.0 = Debug|Any CPU
		{88A68F4B-5441-4B8A-B925-C0F85990D5AF}.AppStore|x64.ActiveCfg = Debug|Any CPU
		{88A68F4B-5441-4B8A-B925-C0F85990D5AF}.AppStore|x64.Build.0 = Debug|Any CPU
		{88A68F4B-5441-4B8A-B925-C0F85990D5AF}.AppStore|x86.ActiveCfg = Debug|Any CPU
		{88A68F4B-5441-4B8A-B925-C0F85990D5AF}.AppStore|x86.Build.0 = Debug|Any CPU
		{88A68F4B-5441-4B8A-B925-C0F85990D5AF}.Debug|Any CPU.ActiveCfg = Debug|Any CPU
		{88A68F4B-5441-4B8A-B925-C0F85990D5AF}.Debug|Any CPU.Build.0 = Debug|Any CPU
		{88A68F4B-5441-4B8A-B925-C0F85990D5AF}.Debug|ARM.ActiveCfg = Debug|Any CPU
		{88A68F4B-5441-4B8A-B925-C0F85990D5AF}.Debug|ARM.Build.0 = Debug|Any CPU
		{88A68F4B-5441-4B8A-B925-C0F85990D5AF}.Debug|iPhone.ActiveCfg = Debug|Any CPU
		{88A68F4B-5441-4B8A-B925-C0F85990D5AF}.Debug|iPhone.Build.0 = Debug|Any CPU
		{88A68F4B-5441-4B8A-B925-C0F85990D5AF}.Debug|iPhoneSimulator.ActiveCfg = Debug|Any CPU
		{88A68F4B-5441-4B8A-B925-C0F85990D5AF}.Debug|iPhoneSimulator.Build.0 = Debug|Any CPU
		{88A68F4B-5441-4B8A-B925-C0F85990D5AF}.Debug|x64.ActiveCfg = Debug|Any CPU
		{88A68F4B-5441-4B8A-B925-C0F85990D5AF}.Debug|x64.Build.0 = Debug|Any CPU
		{88A68F4B-5441-4B8A-B925-C0F85990D5AF}.Debug|x86.ActiveCfg = Debug|Any CPU
		{88A68F4B-5441-4B8A-B925-C0F85990D5AF}.Debug|x86.Build.0 = Debug|Any CPU
		{88A68F4B-5441-4B8A-B925-C0F85990D5AF}.Release|Any CPU.ActiveCfg = Release|Any CPU
		{88A68F4B-5441-4B8A-B925-C0F85990D5AF}.Release|Any CPU.Build.0 = Release|Any CPU
		{88A68F4B-5441-4B8A-B925-C0F85990D5AF}.Release|ARM.ActiveCfg = Release|Any CPU
		{88A68F4B-5441-4B8A-B925-C0F85990D5AF}.Release|ARM.Build.0 = Release|Any CPU
		{88A68F4B-5441-4B8A-B925-C0F85990D5AF}.Release|iPhone.ActiveCfg = Release|Any CPU
		{88A68F4B-5441-4B8A-B925-C0F85990D5AF}.Release|iPhone.Build.0 = Release|Any CPU
		{88A68F4B-5441-4B8A-B925-C0F85990D5AF}.Release|iPhoneSimulator.ActiveCfg = Release|Any CPU
		{88A68F4B-5441-4B8A-B925-C0F85990D5AF}.Release|iPhoneSimulator.Build.0 = Release|Any CPU
		{88A68F4B-5441-4B8A-B925-C0F85990D5AF}.Release|x64.ActiveCfg = Release|Any CPU
		{88A68F4B-5441-4B8A-B925-C0F85990D5AF}.Release|x64.Build.0 = Release|Any CPU
		{88A68F4B-5441-4B8A-B925-C0F85990D5AF}.Release|x86.ActiveCfg = Release|Any CPU
		{88A68F4B-5441-4B8A-B925-C0F85990D5AF}.Release|x86.Build.0 = Release|Any CPU
		{63DF1DC7-16FC-4E2D-9B75-717FD379813E}.Ad-Hoc|Any CPU.ActiveCfg = Release|Any CPU
		{63DF1DC7-16FC-4E2D-9B75-717FD379813E}.Ad-Hoc|Any CPU.Build.0 = Release|Any CPU
		{63DF1DC7-16FC-4E2D-9B75-717FD379813E}.Ad-Hoc|Any CPU.Deploy.0 = Release|Any CPU
		{63DF1DC7-16FC-4E2D-9B75-717FD379813E}.Ad-Hoc|ARM.ActiveCfg = Release|Any CPU
		{63DF1DC7-16FC-4E2D-9B75-717FD379813E}.Ad-Hoc|ARM.Build.0 = Release|Any CPU
		{63DF1DC7-16FC-4E2D-9B75-717FD379813E}.Ad-Hoc|ARM.Deploy.0 = Release|Any CPU
		{63DF1DC7-16FC-4E2D-9B75-717FD379813E}.Ad-Hoc|iPhone.ActiveCfg = Release|Any CPU
		{63DF1DC7-16FC-4E2D-9B75-717FD379813E}.Ad-Hoc|iPhone.Build.0 = Release|Any CPU
		{63DF1DC7-16FC-4E2D-9B75-717FD379813E}.Ad-Hoc|iPhone.Deploy.0 = Release|Any CPU
		{63DF1DC7-16FC-4E2D-9B75-717FD379813E}.Ad-Hoc|iPhoneSimulator.ActiveCfg = Release|Any CPU
		{63DF1DC7-16FC-4E2D-9B75-717FD379813E}.Ad-Hoc|iPhoneSimulator.Build.0 = Release|Any CPU
		{63DF1DC7-16FC-4E2D-9B75-717FD379813E}.Ad-Hoc|iPhoneSimulator.Deploy.0 = Release|Any CPU
		{63DF1DC7-16FC-4E2D-9B75-717FD379813E}.Ad-Hoc|x64.ActiveCfg = Release|Any CPU
		{63DF1DC7-16FC-4E2D-9B75-717FD379813E}.Ad-Hoc|x64.Build.0 = Release|Any CPU
		{63DF1DC7-16FC-4E2D-9B75-717FD379813E}.Ad-Hoc|x64.Deploy.0 = Release|Any CPU
		{63DF1DC7-16FC-4E2D-9B75-717FD379813E}.Ad-Hoc|x86.ActiveCfg = Release|Any CPU
		{63DF1DC7-16FC-4E2D-9B75-717FD379813E}.Ad-Hoc|x86.Build.0 = Release|Any CPU
		{63DF1DC7-16FC-4E2D-9B75-717FD379813E}.Ad-Hoc|x86.Deploy.0 = Release|Any CPU
		{63DF1DC7-16FC-4E2D-9B75-717FD379813E}.AppStore|Any CPU.ActiveCfg = Release|Any CPU
		{63DF1DC7-16FC-4E2D-9B75-717FD379813E}.AppStore|Any CPU.Build.0 = Release|Any CPU
		{63DF1DC7-16FC-4E2D-9B75-717FD379813E}.AppStore|Any CPU.Deploy.0 = Release|Any CPU
		{63DF1DC7-16FC-4E2D-9B75-717FD379813E}.AppStore|ARM.ActiveCfg = Release|Any CPU
		{63DF1DC7-16FC-4E2D-9B75-717FD379813E}.AppStore|ARM.Build.0 = Release|Any CPU
		{63DF1DC7-16FC-4E2D-9B75-717FD379813E}.AppStore|ARM.Deploy.0 = Release|Any CPU
		{63DF1DC7-16FC-4E2D-9B75-717FD379813E}.AppStore|iPhone.ActiveCfg = Release|Any CPU
		{63DF1DC7-16FC-4E2D-9B75-717FD379813E}.AppStore|iPhone.Build.0 = Release|Any CPU
		{63DF1DC7-16FC-4E2D-9B75-717FD379813E}.AppStore|iPhone.Deploy.0 = Release|Any CPU
		{63DF1DC7-16FC-4E2D-9B75-717FD379813E}.AppStore|iPhoneSimulator.ActiveCfg = Release|Any CPU
		{63DF1DC7-16FC-4E2D-9B75-717FD379813E}.AppStore|iPhoneSimulator.Build.0 = Release|Any CPU
		{63DF1DC7-16FC-4E2D-9B75-717FD379813E}.AppStore|iPhoneSimulator.Deploy.0 = Release|Any CPU
		{63DF1DC7-16FC-4E2D-9B75-717FD379813E}.AppStore|x64.ActiveCfg = Release|Any CPU
		{63DF1DC7-16FC-4E2D-9B75-717FD379813E}.AppStore|x64.Build.0 = Release|Any CPU
		{63DF1DC7-16FC-4E2D-9B75-717FD379813E}.AppStore|x64.Deploy.0 = Release|Any CPU
		{63DF1DC7-16FC-4E2D-9B75-717FD379813E}.AppStore|x86.ActiveCfg = Release|Any CPU
		{63DF1DC7-16FC-4E2D-9B75-717FD379813E}.AppStore|x86.Build.0 = Release|Any CPU
		{63DF1DC7-16FC-4E2D-9B75-717FD379813E}.AppStore|x86.Deploy.0 = Release|Any CPU
		{63DF1DC7-16FC-4E2D-9B75-717FD379813E}.Debug|Any CPU.ActiveCfg = Debug|Any CPU
		{63DF1DC7-16FC-4E2D-9B75-717FD379813E}.Debug|Any CPU.Build.0 = Debug|Any CPU
		{63DF1DC7-16FC-4E2D-9B75-717FD379813E}.Debug|Any CPU.Deploy.0 = Debug|Any CPU
		{63DF1DC7-16FC-4E2D-9B75-717FD379813E}.Debug|ARM.ActiveCfg = Debug|Any CPU
		{63DF1DC7-16FC-4E2D-9B75-717FD379813E}.Debug|ARM.Build.0 = Debug|Any CPU
		{63DF1DC7-16FC-4E2D-9B75-717FD379813E}.Debug|ARM.Deploy.0 = Debug|Any CPU
		{63DF1DC7-16FC-4E2D-9B75-717FD379813E}.Debug|iPhone.ActiveCfg = Debug|Any CPU
		{63DF1DC7-16FC-4E2D-9B75-717FD379813E}.Debug|iPhone.Build.0 = Debug|Any CPU
		{63DF1DC7-16FC-4E2D-9B75-717FD379813E}.Debug|iPhone.Deploy.0 = Debug|Any CPU
		{63DF1DC7-16FC-4E2D-9B75-717FD379813E}.Debug|iPhoneSimulator.ActiveCfg = Debug|Any CPU
		{63DF1DC7-16FC-4E2D-9B75-717FD379813E}.Debug|iPhoneSimulator.Build.0 = Debug|Any CPU
		{63DF1DC7-16FC-4E2D-9B75-717FD379813E}.Debug|iPhoneSimulator.Deploy.0 = Debug|Any CPU
		{63DF1DC7-16FC-4E2D-9B75-717FD379813E}.Debug|x64.ActiveCfg = Debug|Any CPU
		{63DF1DC7-16FC-4E2D-9B75-717FD379813E}.Debug|x64.Build.0 = Debug|Any CPU
		{63DF1DC7-16FC-4E2D-9B75-717FD379813E}.Debug|x64.Deploy.0 = Debug|Any CPU
		{63DF1DC7-16FC-4E2D-9B75-717FD379813E}.Debug|x86.ActiveCfg = Debug|Any CPU
		{63DF1DC7-16FC-4E2D-9B75-717FD379813E}.Debug|x86.Build.0 = Debug|Any CPU
		{63DF1DC7-16FC-4E2D-9B75-717FD379813E}.Debug|x86.Deploy.0 = Debug|Any CPU
		{63DF1DC7-16FC-4E2D-9B75-717FD379813E}.Release|Any CPU.ActiveCfg = Release|Any CPU
		{63DF1DC7-16FC-4E2D-9B75-717FD379813E}.Release|Any CPU.Build.0 = Release|Any CPU
		{63DF1DC7-16FC-4E2D-9B75-717FD379813E}.Release|Any CPU.Deploy.0 = Release|Any CPU
		{63DF1DC7-16FC-4E2D-9B75-717FD379813E}.Release|ARM.ActiveCfg = Release|Any CPU
		{63DF1DC7-16FC-4E2D-9B75-717FD379813E}.Release|ARM.Build.0 = Release|Any CPU
		{63DF1DC7-16FC-4E2D-9B75-717FD379813E}.Release|ARM.Deploy.0 = Release|Any CPU
		{63DF1DC7-16FC-4E2D-9B75-717FD379813E}.Release|iPhone.ActiveCfg = Release|Any CPU
		{63DF1DC7-16FC-4E2D-9B75-717FD379813E}.Release|iPhone.Build.0 = Release|Any CPU
		{63DF1DC7-16FC-4E2D-9B75-717FD379813E}.Release|iPhone.Deploy.0 = Release|Any CPU
		{63DF1DC7-16FC-4E2D-9B75-717FD379813E}.Release|iPhoneSimulator.ActiveCfg = Release|Any CPU
		{63DF1DC7-16FC-4E2D-9B75-717FD379813E}.Release|iPhoneSimulator.Build.0 = Release|Any CPU
		{63DF1DC7-16FC-4E2D-9B75-717FD379813E}.Release|iPhoneSimulator.Deploy.0 = Release|Any CPU
		{63DF1DC7-16FC-4E2D-9B75-717FD379813E}.Release|x64.ActiveCfg = Release|Any CPU
		{63DF1DC7-16FC-4E2D-9B75-717FD379813E}.Release|x64.Build.0 = Release|Any CPU
		{63DF1DC7-16FC-4E2D-9B75-717FD379813E}.Release|x64.Deploy.0 = Release|Any CPU
		{63DF1DC7-16FC-4E2D-9B75-717FD379813E}.Release|x86.ActiveCfg = Release|Any CPU
		{63DF1DC7-16FC-4E2D-9B75-717FD379813E}.Release|x86.Build.0 = Release|Any CPU
		{63DF1DC7-16FC-4E2D-9B75-717FD379813E}.Release|x86.Deploy.0 = Release|Any CPU
		{FD9C3AE8-C3B7-4D9A-BB21-414602BCDECC}.Ad-Hoc|Any CPU.ActiveCfg = Ad-Hoc|iPhone
		{FD9C3AE8-C3B7-4D9A-BB21-414602BCDECC}.Ad-Hoc|ARM.ActiveCfg = Ad-Hoc|iPhone
		{FD9C3AE8-C3B7-4D9A-BB21-414602BCDECC}.Ad-Hoc|iPhone.ActiveCfg = Ad-Hoc|iPhone
		{FD9C3AE8-C3B7-4D9A-BB21-414602BCDECC}.Ad-Hoc|iPhone.Build.0 = Ad-Hoc|iPhone
		{FD9C3AE8-C3B7-4D9A-BB21-414602BCDECC}.Ad-Hoc|iPhoneSimulator.ActiveCfg = Ad-Hoc|iPhoneSimulator
		{FD9C3AE8-C3B7-4D9A-BB21-414602BCDECC}.Ad-Hoc|iPhoneSimulator.Build.0 = Ad-Hoc|iPhoneSimulator
		{FD9C3AE8-C3B7-4D9A-BB21-414602BCDECC}.Ad-Hoc|x64.ActiveCfg = Ad-Hoc|iPhone
		{FD9C3AE8-C3B7-4D9A-BB21-414602BCDECC}.Ad-Hoc|x86.ActiveCfg = Ad-Hoc|iPhone
		{FD9C3AE8-C3B7-4D9A-BB21-414602BCDECC}.AppStore|Any CPU.ActiveCfg = AppStore|iPhone
		{FD9C3AE8-C3B7-4D9A-BB21-414602BCDECC}.AppStore|ARM.ActiveCfg = AppStore|iPhone
		{FD9C3AE8-C3B7-4D9A-BB21-414602BCDECC}.AppStore|iPhone.ActiveCfg = AppStore|iPhone
		{FD9C3AE8-C3B7-4D9A-BB21-414602BCDECC}.AppStore|iPhone.Build.0 = AppStore|iPhone
		{FD9C3AE8-C3B7-4D9A-BB21-414602BCDECC}.AppStore|iPhoneSimulator.ActiveCfg = AppStore|iPhoneSimulator
		{FD9C3AE8-C3B7-4D9A-BB21-414602BCDECC}.AppStore|iPhoneSimulator.Build.0 = AppStore|iPhoneSimulator
		{FD9C3AE8-C3B7-4D9A-BB21-414602BCDECC}.AppStore|x64.ActiveCfg = AppStore|iPhone
		{FD9C3AE8-C3B7-4D9A-BB21-414602BCDECC}.AppStore|x86.ActiveCfg = AppStore|iPhone
		{FD9C3AE8-C3B7-4D9A-BB21-414602BCDECC}.Debug|Any CPU.ActiveCfg = Debug|iPhone
		{FD9C3AE8-C3B7-4D9A-BB21-414602BCDECC}.Debug|ARM.ActiveCfg = Debug|iPhone
		{FD9C3AE8-C3B7-4D9A-BB21-414602BCDECC}.Debug|iPhone.ActiveCfg = Debug|iPhone
		{FD9C3AE8-C3B7-4D9A-BB21-414602BCDECC}.Debug|iPhone.Build.0 = Debug|iPhone
		{FD9C3AE8-C3B7-4D9A-BB21-414602BCDECC}.Debug|iPhoneSimulator.ActiveCfg = Debug|iPhoneSimulator
		{FD9C3AE8-C3B7-4D9A-BB21-414602BCDECC}.Debug|iPhoneSimulator.Build.0 = Debug|iPhoneSimulator
		{FD9C3AE8-C3B7-4D9A-BB21-414602BCDECC}.Debug|x64.ActiveCfg = Debug|iPhone
		{FD9C3AE8-C3B7-4D9A-BB21-414602BCDECC}.Debug|x86.ActiveCfg = Debug|iPhone
		{FD9C3AE8-C3B7-4D9A-BB21-414602BCDECC}.Release|Any CPU.ActiveCfg = Release|iPhone
		{FD9C3AE8-C3B7-4D9A-BB21-414602BCDECC}.Release|ARM.ActiveCfg = Release|iPhone
		{FD9C3AE8-C3B7-4D9A-BB21-414602BCDECC}.Release|iPhone.ActiveCfg = Release|iPhone
		{FD9C3AE8-C3B7-4D9A-BB21-414602BCDECC}.Release|iPhone.Build.0 = Release|iPhone
		{FD9C3AE8-C3B7-4D9A-BB21-414602BCDECC}.Release|iPhoneSimulator.ActiveCfg = Release|iPhoneSimulator
		{FD9C3AE8-C3B7-4D9A-BB21-414602BCDECC}.Release|iPhoneSimulator.Build.0 = Release|iPhoneSimulator
		{FD9C3AE8-C3B7-4D9A-BB21-414602BCDECC}.Release|x64.ActiveCfg = Release|iPhone
		{FD9C3AE8-C3B7-4D9A-BB21-414602BCDECC}.Release|x86.ActiveCfg = Release|iPhone
		{F961E6C5-9CFD-4715-A882-7949F8B28191}.Ad-Hoc|Any CPU.ActiveCfg = Release|x86
		{F961E6C5-9CFD-4715-A882-7949F8B28191}.Ad-Hoc|Any CPU.Build.0 = Release|x86
		{F961E6C5-9CFD-4715-A882-7949F8B28191}.Ad-Hoc|Any CPU.Deploy.0 = Release|x86
		{F961E6C5-9CFD-4715-A882-7949F8B28191}.Ad-Hoc|ARM.ActiveCfg = Release|ARM
		{F961E6C5-9CFD-4715-A882-7949F8B28191}.Ad-Hoc|ARM.Build.0 = Release|ARM
		{F961E6C5-9CFD-4715-A882-7949F8B28191}.Ad-Hoc|ARM.Deploy.0 = Release|ARM
		{F961E6C5-9CFD-4715-A882-7949F8B28191}.Ad-Hoc|iPhone.ActiveCfg = Release|x86
		{F961E6C5-9CFD-4715-A882-7949F8B28191}.Ad-Hoc|iPhone.Build.0 = Release|x86
		{F961E6C5-9CFD-4715-A882-7949F8B28191}.Ad-Hoc|iPhone.Deploy.0 = Release|x86
		{F961E6C5-9CFD-4715-A882-7949F8B28191}.Ad-Hoc|iPhoneSimulator.ActiveCfg = Release|x86
		{F961E6C5-9CFD-4715-A882-7949F8B28191}.Ad-Hoc|iPhoneSimulator.Build.0 = Release|x86
		{F961E6C5-9CFD-4715-A882-7949F8B28191}.Ad-Hoc|iPhoneSimulator.Deploy.0 = Release|x86
		{F961E6C5-9CFD-4715-A882-7949F8B28191}.Ad-Hoc|x64.ActiveCfg = Release|x64
		{F961E6C5-9CFD-4715-A882-7949F8B28191}.Ad-Hoc|x64.Build.0 = Release|x64
		{F961E6C5-9CFD-4715-A882-7949F8B28191}.Ad-Hoc|x64.Deploy.0 = Release|x64
		{F961E6C5-9CFD-4715-A882-7949F8B28191}.Ad-Hoc|x86.ActiveCfg = Release|x86
		{F961E6C5-9CFD-4715-A882-7949F8B28191}.Ad-Hoc|x86.Build.0 = Release|x86
		{F961E6C5-9CFD-4715-A882-7949F8B28191}.Ad-Hoc|x86.Deploy.0 = Release|x86
		{F961E6C5-9CFD-4715-A882-7949F8B28191}.AppStore|Any CPU.ActiveCfg = Release|x86
		{F961E6C5-9CFD-4715-A882-7949F8B28191}.AppStore|Any CPU.Build.0 = Release|x86
		{F961E6C5-9CFD-4715-A882-7949F8B28191}.AppStore|Any CPU.Deploy.0 = Release|x86
		{F961E6C5-9CFD-4715-A882-7949F8B28191}.AppStore|ARM.ActiveCfg = Release|ARM
		{F961E6C5-9CFD-4715-A882-7949F8B28191}.AppStore|ARM.Build.0 = Release|ARM
		{F961E6C5-9CFD-4715-A882-7949F8B28191}.AppStore|ARM.Deploy.0 = Release|ARM
		{F961E6C5-9CFD-4715-A882-7949F8B28191}.AppStore|iPhone.ActiveCfg = Release|x86
		{F961E6C5-9CFD-4715-A882-7949F8B28191}.AppStore|iPhone.Build.0 = Release|x86
		{F961E6C5-9CFD-4715-A882-7949F8B28191}.AppStore|iPhone.Deploy.0 = Release|x86
		{F961E6C5-9CFD-4715-A882-7949F8B28191}.AppStore|iPhoneSimulator.ActiveCfg = Release|x86
		{F961E6C5-9CFD-4715-A882-7949F8B28191}.AppStore|iPhoneSimulator.Build.0 = Release|x86
		{F961E6C5-9CFD-4715-A882-7949F8B28191}.AppStore|iPhoneSimulator.Deploy.0 = Release|x86
		{F961E6C5-9CFD-4715-A882-7949F8B28191}.AppStore|x64.ActiveCfg = Release|x64
		{F961E6C5-9CFD-4715-A882-7949F8B28191}.AppStore|x64.Build.0 = Release|x64
		{F961E6C5-9CFD-4715-A882-7949F8B28191}.AppStore|x64.Deploy.0 = Release|x64
		{F961E6C5-9CFD-4715-A882-7949F8B28191}.AppStore|x86.ActiveCfg = Release|x86
		{F961E6C5-9CFD-4715-A882-7949F8B28191}.AppStore|x86.Build.0 = Release|x86
		{F961E6C5-9CFD-4715-A882-7949F8B28191}.AppStore|x86.Deploy.0 = Release|x86
		{F961E6C5-9CFD-4715-A882-7949F8B28191}.Debug|Any CPU.ActiveCfg = Debug|x86
		{F961E6C5-9CFD-4715-A882-7949F8B28191}.Debug|ARM.ActiveCfg = Debug|ARM
		{F961E6C5-9CFD-4715-A882-7949F8B28191}.Debug|ARM.Build.0 = Debug|ARM
		{F961E6C5-9CFD-4715-A882-7949F8B28191}.Debug|ARM.Deploy.0 = Debug|ARM
		{F961E6C5-9CFD-4715-A882-7949F8B28191}.Debug|iPhone.ActiveCfg = Debug|x86
		{F961E6C5-9CFD-4715-A882-7949F8B28191}.Debug|iPhoneSimulator.ActiveCfg = Debug|x86
		{F961E6C5-9CFD-4715-A882-7949F8B28191}.Debug|x64.ActiveCfg = Debug|x64
		{F961E6C5-9CFD-4715-A882-7949F8B28191}.Debug|x64.Build.0 = Debug|x64
		{F961E6C5-9CFD-4715-A882-7949F8B28191}.Debug|x64.Deploy.0 = Debug|x64
		{F961E6C5-9CFD-4715-A882-7949F8B28191}.Debug|x86.ActiveCfg = Debug|x86
		{F961E6C5-9CFD-4715-A882-7949F8B28191}.Debug|x86.Build.0 = Debug|x86
		{F961E6C5-9CFD-4715-A882-7949F8B28191}.Debug|x86.Deploy.0 = Debug|x86
		{F961E6C5-9CFD-4715-A882-7949F8B28191}.Release|Any CPU.ActiveCfg = Release|x86
		{F961E6C5-9CFD-4715-A882-7949F8B28191}.Release|ARM.ActiveCfg = Release|ARM
		{F961E6C5-9CFD-4715-A882-7949F8B28191}.Release|ARM.Build.0 = Release|ARM
		{F961E6C5-9CFD-4715-A882-7949F8B28191}.Release|ARM.Deploy.0 = Release|ARM
		{F961E6C5-9CFD-4715-A882-7949F8B28191}.Release|iPhone.ActiveCfg = Release|x86
		{F961E6C5-9CFD-4715-A882-7949F8B28191}.Release|iPhoneSimulator.ActiveCfg = Release|x86
		{F961E6C5-9CFD-4715-A882-7949F8B28191}.Release|x64.ActiveCfg = Release|x64
		{F961E6C5-9CFD-4715-A882-7949F8B28191}.Release|x64.Build.0 = Release|x64
		{F961E6C5-9CFD-4715-A882-7949F8B28191}.Release|x64.Deploy.0 = Release|x64
		{F961E6C5-9CFD-4715-A882-7949F8B28191}.Release|x86.ActiveCfg = Release|x86
		{F961E6C5-9CFD-4715-A882-7949F8B28191}.Release|x86.Build.0 = Release|x86
		{F961E6C5-9CFD-4715-A882-7949F8B28191}.Release|x86.Deploy.0 = Release|x86
	EndGlobalSection
	GlobalSection(SolutionProperties) = preSolution
		HideSolutionNode = FALSE
	EndGlobalSection
	GlobalSection(ExtensibilityGlobals) = postSolution
		SolutionGuid = {94D5648A-CBE4-4A81-8BCA-598D5C093766}
	EndGlobalSection
EndGlobal
