
Microsoft Visual Studio Solution File, Format Version 12.00
# Visual Studio Version 16
VisualStudioVersion = 16.0.29306.81
MinimumVisualStudioVersion = 10.0.40219.1
Project("{FAE04EC0-301F-11D3-BF4B-00C04F79EFBC}") = "MyLeasing.Command", "MyLeasing.Command\MyLeasing.Command.csproj", "{054BD31F-B762-48BF-AA05-3F507A9A08FE}"
EndProject
Project("{FAE04EC0-301F-11D3-BF4B-00C04F79EFBC}") = "MyLeasing.Web", "MyLeasing.Web\MyLeasing.Web.csproj", "{556344C8-CAC5-4BBF-9480-95F9F549160E}"
EndProject
Global
	GlobalSection(SolutionConfigurationPlatforms) = preSolution
		Debug|Any CPU = Debug|Any CPU
		Release|Any CPU = Release|Any CPU
	EndGlobalSection
	GlobalSection(ProjectConfigurationPlatforms) = postSolution
		{054BD31F-B762-48BF-AA05-3F507A9A08FE}.Debug|Any CPU.ActiveCfg = Debug|Any CPU
		{054BD31F-B762-48BF-AA05-3F507A9A08FE}.Debug|Any CPU.Build.0 = Debug|Any CPU
		{054BD31F-B762-48BF-AA05-3F507A9A08FE}.Release|Any CPU.ActiveCfg = Release|Any CPU
		{054BD31F-B762-48BF-AA05-3F507A9A08FE}.Release|Any CPU.Build.0 = Release|Any CPU
		{556344C8-CAC5-4BBF-9480-95F9F549160E}.Debug|Any CPU.ActiveCfg = Debug|Any CPU
		{556344C8-CAC5-4BBF-9480-95F9F549160E}.Debug|Any CPU.Build.0 = Debug|Any CPU
		{556344C8-CAC5-4BBF-9480-95F9F549160E}.Release|Any CPU.ActiveCfg = Release|Any CPU
		{556344C8-CAC5-4BBF-9480-95F9F549160E}.Release|Any CPU.Build.0 = Release|Any CPU
	EndGlobalSection
	GlobalSection(SolutionProperties) = preSolution
		HideSolutionNode = FALSE
	EndGlobalSection
	GlobalSection(ExtensibilityGlobals) = postSolution
		SolutionGuid = {94D5648A-CBE4-4A81-8BCA-598D5C093766}
	EndGlobalSection
EndGlobal
